//
//  project.pbxproj
//  TSA-Mobile-App
//

// This is the project configuration file for the TSA-Mobile-App Xcode project.
// Add your project configurations, build settings, and targets here.

{
    archiveVersion = 1;
    classes = {};
    objectVersion = 55;
    objects = {

        /* Begin PBXProject section */
        1D6058900D05DD3D006BFB54 /* Project object */ = {
            isa = PBXProject;
            attributes = {
                LastUpgradeCheck = 1300;
                ORGANIZATIONNAME = "Your Organization";
                TargetAttributes = {
                    /* Add target attributes here */
                };
            };
            buildConfigurationList = 1D6058900D05DD3D006BFB54 /* Build configuration list */;
            compatibilityVersion = "Xcode 3.2";
            developmentRegion = en;
            hasScannedForEncodings = 0;
            knownRegions = (
                en,
            );
            mainGroup = 1D6058900D05DD3D006BFB54 /* Main group */;
            productRefGroup = 1D6058900D05DD3D006BFB54 /* Products group */;
            projectDirPath = "";
            projectRoot = "";
            targets = (
                /* Add targets here */
            );
        };
        /* End PBXProject section */

        /* Add other sections like PBXBuildFile, PBXFileReference, PBXGroup, etc. */

    };
    rootObject = 1D6058900D05DD3D006BFB54 /* Project object */;
}
